
Microsoft Visual Studio Solution File, Format Version 12.00
# Visual Studio Version 16
VisualStudioVersion = 16.0.29215.179
MinimumVisualStudioVersion = 10.0.40219.1
Project("{FAE04EC0-301F-11D3-BF4B-00C04F79EFBC}") = "FacadePattern", "FacadePattern\FacadePattern.csproj", "{CE715551-BE91-463D-985D-45CD9D7BCBCD}"
EndProject
Global
	GlobalSection(SolutionConfigurationPlatforms) = preSolution
		Debug|Any CPU = Debug|Any CPU
		Release|Any CPU = Release|Any CPU
	EndGlobalSection
	GlobalSection(ProjectConfigurationPlatforms) = postSolution
		{CE715551-BE91-463D-985D-45CD9D7BCBCD}.Debug|Any CPU.ActiveCfg = Debug|Any CPU
		{CE715551-BE91-463D-985D-45CD9D7BCBCD}.Debug|Any CPU.Build.0 = Debug|Any CPU
		{CE715551-BE91-463D-985D-45CD9D7BCBCD}.Release|Any CPU.ActiveCfg = Release|Any CPU
		{CE715551-BE91-463D-985D-45CD9D7BCBCD}.Release|Any CPU.Build.0 = Release|Any CPU
	EndGlobalSection
	GlobalSection(SolutionProperties) = preSolution
		HideSolutionNode = FALSE
	EndGlobalSection
	GlobalSection(ExtensibilityGlobals) = postSolution
		SolutionGuid = {13585E2D-F7EA-4071-9D38-74A45BDA065A}
	EndGlobalSection
EndGlobal
